
Microsoft Visual Studio Solution File, Format Version 12.00
# Visual Studio Version 17
VisualStudioVersion = 17.10.34928.147
MinimumVisualStudioVersion = 10.0.40219.1
Project("{FAE04EC0-301F-11D3-BF4B-00C04F79EFBC}") = "Week02Sat003", "Week02Sat003\Week02Sat003.csproj", "{10F5B26B-9F44-4D7C-AB8A-CCBD57B1B141}"
EndProject
Global
	GlobalSection(SolutionConfigurationPlatforms) = preSolution
		Debug|Any CPU = Debug|Any CPU
		Release|Any CPU = Release|Any CPU
	EndGlobalSection
	GlobalSection(ProjectConfigurationPlatforms) = postSolution
		{10F5B26B-9F44-4D7C-AB8A-CCBD57B1B141}.Debug|Any CPU.ActiveCfg = Debug|Any CPU
		{10F5B26B-9F44-4D7C-AB8A-CCBD57B1B141}.Debug|Any CPU.Build.0 = Debug|Any CPU
		{10F5B26B-9F44-4D7C-AB8A-CCBD57B1B141}.Release|Any CPU.ActiveCfg = Release|Any CPU
		{10F5B26B-9F44-4D7C-AB8A-CCBD57B1B141}.Release|Any CPU.Build.0 = Release|Any CPU
	EndGlobalSection
	GlobalSection(SolutionProperties) = preSolution
		HideSolutionNode = FALSE
	EndGlobalSection
	GlobalSection(ExtensibilityGlobals) = postSolution
		SolutionGuid = {B1FF6036-2501-4378-AFDA-438A7431D913}
	EndGlobalSection
EndGlobal
